{
  "name": "progressive-rendering",
  "version": "1.0.0",
  "lockfileVersion": 2,
  "requires": true,
  "packages": {
    "": {
      "name": "progressive-rendering",
      "version": "1.0.0",
      "license": "MIT",
      "dependencies": {
        "nano-jsx": "^0.0.29"
      },
      "devDependencies": {
        "@types/node": "^17.0.18",
        "typescript": "^4.7.0-dev.20220219"
      }
    },
    "node_modules/@types/node": {
      "version": "17.0.18",
      "resolved": "https://registry.npmjs.org/@types/node/-/node-17.0.18.tgz",
      "integrity": "sha512-eKj4f/BsN/qcculZiRSujogjvp5O/k4lOW5m35NopjZM/QwLOR075a8pJW5hD+Rtdm2DaCVPENS6KtSQnUD6BA==",
      "dev": true
    },
    "node_modules/nano-jsx": {
      "version": "0.0.29",
      "resolved": "https://registry.npmjs.org/nano-jsx/-/nano-jsx-0.0.29.tgz",
      "integrity": "sha512-dU1CfIKixsLdc+yVf4pGzDre1neQTkY8aB4SNQ7Dmgt6DxZ+T2hKK3PMo/h9Zo5LV8Jg1yeRWep61bk7pwqwiA==",
      "engines": {
        "node": ">=12"
      },
      "funding": {
        "url": "https://github.com/sponsors/yandeu"
      }
    },
    "node_modules/typescript": {
      "version": "4.7.0-dev.20220219",
      "resolved": "https://registry.npmjs.org/typescript/-/typescript-4.7.0-dev.20220219.tgz",
      "integrity": "sha512-BDrc4KLLYzwb3p8P3c/PFEYg+P/Cr85GJy2gcLZHNH4lX2BmTRdIlYSx278NO2NeBER6Cwozrg0WBKT8PiT/8w==",
      "dev": true,
      "bin": {
        "tsc": "bin/tsc",
        "tsserver": "bin/tsserver"
      },
      "engines": {
        "node": ">=4.2.0"
      }
    }
  },
  "dependencies": {
    "@types/node": {
      "version": "17.0.18",
      "resolved": "https://registry.npmjs.org/@types/node/-/node-17.0.18.tgz",
      "integrity": "sha512-eKj4f/BsN/qcculZiRSujogjvp5O/k4lOW5m35NopjZM/QwLOR075a8pJW5hD+Rtdm2DaCVPENS6KtSQnUD6BA==",
      "dev": true
    },
    "nano-jsx": {
      "version": "0.0.29",
      "resolved": "https://registry.npmjs.org/nano-jsx/-/nano-jsx-0.0.29.tgz",
      "integrity": "sha512-dU1CfIKixsLdc+yVf4pGzDre1neQTkY8aB4SNQ7Dmgt6DxZ+T2hKK3PMo/h9Zo5LV8Jg1yeRWep61bk7pwqwiA=="
    },
    "typescript": {
      "version": "4.7.0-dev.20220219",
      "resolved": "https://registry.npmjs.org/typescript/-/typescript-4.7.0-dev.20220219.tgz",
      "integrity": "sha512-BDrc4KLLYzwb3p8P3c/PFEYg+P/Cr85GJy2gcLZHNH4lX2BmTRdIlYSx278NO2NeBER6Cwozrg0WBKT8PiT/8w==",
      "dev": true
    }
  }
}
